
Microsoft Visual Studio Solution File, Format Version 12.00
# Visual Studio Version 16
VisualStudioVersion = 16.0.29806.167
MinimumVisualStudioVersion = 10.0.40219.1
Project("{9A19103F-16F7-4668-BE54-9A1E7A4F7556}") = "CustomerRelationship.Domain", "Domain\CustomerRelationship.Domain\CustomerRelationship.Domain.csproj", "{80A41302-2274-4631-925C-1953E63A290E}"
EndProject
Project("{2150E333-8FDC-42A3-9474-1A3956D46DE8}") = "Domain", "Domain", "{D6D44EB1-2844-4378-BC5B-D31CD8926666}"
EndProject
Project("{9A19103F-16F7-4668-BE54-9A1E7A4F7556}") = "CustomerRelationship.Facade", "Domain\CustomerRelationship.Facade\CustomerRelationship.Facade.csproj", "{C2B85414-3755-4572-9A9B-75EA89C506F1}"
EndProject
Project("{FAE04EC0-301F-11D3-BF4B-00C04F79EFBC}") = "CustomerRelationship.Model", "Domain\CustomerRelationship.Model\CustomerRelationship.Model.csproj", "{9B0BE1D0-41A5-4808-B419-6CED5B838BCF}"
EndProject
Project("{2150E333-8FDC-42A3-9474-1A3956D46DE8}") = "External", "External", "{5169FCB9-8186-44D3-B86E-6BA5EED2C6F8}"
EndProject
Project("{2150E333-8FDC-42A3-9474-1A3956D46DE8}") = "Mapping", "Mapping", "{52A29888-C34A-480D-87B8-7CC2ADE05BFA}"
EndProject
Project("{2150E333-8FDC-42A3-9474-1A3956D46DE8}") = "UI", "UI", "{B91BFF65-F688-4C02-A736-C11C6165955C}"
EndProject
Project("{2150E333-8FDC-42A3-9474-1A3956D46DE8}") = "Test", "Test", "{CBC83644-844E-478B-AC61-0325EFBCD5AA}"
EndProject
Project("{FAE04EC0-301F-11D3-BF4B-00C04F79EFBC}") = "CustomerRelationship.Integration", "External\CustomerRelationship.Integration\CustomerRelationship.Integration.csproj", "{64336899-A12A-4AD5-AAA7-0AC4A7991CA7}"
EndProject
Project("{FAE04EC0-301F-11D3-BF4B-00C04F79EFBC}") = "CustomerRelationship.Entity", "Mapping\CustomerRelationship.Entity\CustomerRelationship.Entity.csproj", "{3C57995C-ACCE-4670-BDAB-58F28F3A4103}"
EndProject
Project("{FAE04EC0-301F-11D3-BF4B-00C04F79EFBC}") = "CustomerRelationship.API", "UI\CustomerRelationship.API\CustomerRelationship.API.csproj", "{6442628D-30D2-43B8-B27F-6F877C2F1CCB}"
EndProject
Project("{FAE04EC0-301F-11D3-BF4B-00C04F79EFBC}") = "CustomerRelationship.Web", "UI\CustomerRelationship.Web\CustomerRelationship.Web.csproj", "{9791DEDD-B821-4F2E-A114-4F9149E2ACB8}"
EndProject
Project("{FAE04EC0-301F-11D3-BF4B-00C04F79EFBC}") = "CustomerRelationship.Web.Test", "Test\CustomerRelationship.Web.Test\CustomerRelationship.Web.Test.csproj", "{ED38EF72-DE95-44E4-8DA3-F3A8C178ACF2}"
EndProject
Project("{FAE04EC0-301F-11D3-BF4B-00C04F79EFBC}") = "CustomerRelationship.API.Test", "Test\CustomerRelationship.API.Test\CustomerRelationship.API.Test.csproj", "{CB50CB1F-2FCA-4ED4-9062-8F77F6CBE002}"
EndProject
Global
	GlobalSection(SolutionConfigurationPlatforms) = preSolution
		Debug|Any CPU = Debug|Any CPU
		Release|Any CPU = Release|Any CPU
	EndGlobalSection
	GlobalSection(ProjectConfigurationPlatforms) = postSolution
		{80A41302-2274-4631-925C-1953E63A290E}.Debug|Any CPU.ActiveCfg = Debug|Any CPU
		{80A41302-2274-4631-925C-1953E63A290E}.Debug|Any CPU.Build.0 = Debug|Any CPU
		{80A41302-2274-4631-925C-1953E63A290E}.Release|Any CPU.ActiveCfg = Release|Any CPU
		{80A41302-2274-4631-925C-1953E63A290E}.Release|Any CPU.Build.0 = Release|Any CPU
		{C2B85414-3755-4572-9A9B-75EA89C506F1}.Debug|Any CPU.ActiveCfg = Debug|Any CPU
		{C2B85414-3755-4572-9A9B-75EA89C506F1}.Debug|Any CPU.Build.0 = Debug|Any CPU
		{C2B85414-3755-4572-9A9B-75EA89C506F1}.Release|Any CPU.ActiveCfg = Release|Any CPU
		{C2B85414-3755-4572-9A9B-75EA89C506F1}.Release|Any CPU.Build.0 = Release|Any CPU
		{9B0BE1D0-41A5-4808-B419-6CED5B838BCF}.Debug|Any CPU.ActiveCfg = Debug|Any CPU
		{9B0BE1D0-41A5-4808-B419-6CED5B838BCF}.Debug|Any CPU.Build.0 = Debug|Any CPU
		{9B0BE1D0-41A5-4808-B419-6CED5B838BCF}.Release|Any CPU.ActiveCfg = Release|Any CPU
		{9B0BE1D0-41A5-4808-B419-6CED5B838BCF}.Release|Any CPU.Build.0 = Release|Any CPU
		{64336899-A12A-4AD5-AAA7-0AC4A7991CA7}.Debug|Any CPU.ActiveCfg = Debug|Any CPU
		{64336899-A12A-4AD5-AAA7-0AC4A7991CA7}.Debug|Any CPU.Build.0 = Debug|Any CPU
		{64336899-A12A-4AD5-AAA7-0AC4A7991CA7}.Release|Any CPU.ActiveCfg = Release|Any CPU
		{64336899-A12A-4AD5-AAA7-0AC4A7991CA7}.Release|Any CPU.Build.0 = Release|Any CPU
		{3C57995C-ACCE-4670-BDAB-58F28F3A4103}.Debug|Any CPU.ActiveCfg = Debug|Any CPU
		{3C57995C-ACCE-4670-BDAB-58F28F3A4103}.Debug|Any CPU.Build.0 = Debug|Any CPU
		{3C57995C-ACCE-4670-BDAB-58F28F3A4103}.Release|Any CPU.ActiveCfg = Release|Any CPU
		{3C57995C-ACCE-4670-BDAB-58F28F3A4103}.Release|Any CPU.Build.0 = Release|Any CPU
		{6442628D-30D2-43B8-B27F-6F877C2F1CCB}.Debug|Any CPU.ActiveCfg = Debug|Any CPU
		{6442628D-30D2-43B8-B27F-6F877C2F1CCB}.Debug|Any CPU.Build.0 = Debug|Any CPU
		{6442628D-30D2-43B8-B27F-6F877C2F1CCB}.Release|Any CPU.ActiveCfg = Release|Any CPU
		{6442628D-30D2-43B8-B27F-6F877C2F1CCB}.Release|Any CPU.Build.0 = Release|Any CPU
		{9791DEDD-B821-4F2E-A114-4F9149E2ACB8}.Debug|Any CPU.ActiveCfg = Debug|Any CPU
		{9791DEDD-B821-4F2E-A114-4F9149E2ACB8}.Debug|Any CPU.Build.0 = Debug|Any CPU
		{9791DEDD-B821-4F2E-A114-4F9149E2ACB8}.Release|Any CPU.ActiveCfg = Release|Any CPU
		{9791DEDD-B821-4F2E-A114-4F9149E2ACB8}.Release|Any CPU.Build.0 = Release|Any CPU
		{ED38EF72-DE95-44E4-8DA3-F3A8C178ACF2}.Debug|Any CPU.ActiveCfg = Debug|Any CPU
		{ED38EF72-DE95-44E4-8DA3-F3A8C178ACF2}.Debug|Any CPU.Build.0 = Debug|Any CPU
		{ED38EF72-DE95-44E4-8DA3-F3A8C178ACF2}.Release|Any CPU.ActiveCfg = Release|Any CPU
		{ED38EF72-DE95-44E4-8DA3-F3A8C178ACF2}.Release|Any CPU.Build.0 = Release|Any CPU
		{CB50CB1F-2FCA-4ED4-9062-8F77F6CBE002}.Debug|Any CPU.ActiveCfg = Debug|Any CPU
		{CB50CB1F-2FCA-4ED4-9062-8F77F6CBE002}.Debug|Any CPU.Build.0 = Debug|Any CPU
		{CB50CB1F-2FCA-4ED4-9062-8F77F6CBE002}.Release|Any CPU.ActiveCfg = Release|Any CPU
		{CB50CB1F-2FCA-4ED4-9062-8F77F6CBE002}.Release|Any CPU.Build.0 = Release|Any CPU
	EndGlobalSection
	GlobalSection(SolutionProperties) = preSolution
		HideSolutionNode = FALSE
	EndGlobalSection
	GlobalSection(NestedProjects) = preSolution
		{80A41302-2274-4631-925C-1953E63A290E} = {D6D44EB1-2844-4378-BC5B-D31CD8926666}
		{C2B85414-3755-4572-9A9B-75EA89C506F1} = {D6D44EB1-2844-4378-BC5B-D31CD8926666}
		{9B0BE1D0-41A5-4808-B419-6CED5B838BCF} = {D6D44EB1-2844-4378-BC5B-D31CD8926666}
		{64336899-A12A-4AD5-AAA7-0AC4A7991CA7} = {5169FCB9-8186-44D3-B86E-6BA5EED2C6F8}
		{3C57995C-ACCE-4670-BDAB-58F28F3A4103} = {52A29888-C34A-480D-87B8-7CC2ADE05BFA}
		{6442628D-30D2-43B8-B27F-6F877C2F1CCB} = {B91BFF65-F688-4C02-A736-C11C6165955C}
		{9791DEDD-B821-4F2E-A114-4F9149E2ACB8} = {B91BFF65-F688-4C02-A736-C11C6165955C}
		{ED38EF72-DE95-44E4-8DA3-F3A8C178ACF2} = {CBC83644-844E-478B-AC61-0325EFBCD5AA}
		{CB50CB1F-2FCA-4ED4-9062-8F77F6CBE002} = {CBC83644-844E-478B-AC61-0325EFBCD5AA}
	EndGlobalSection
	GlobalSection(ExtensibilityGlobals) = postSolution
		SolutionGuid = {4DD804B9-BE56-43BC-989E-96AAD16B4EAE}
	EndGlobalSection
EndGlobal
