
Microsoft Visual Studio Solution File, Format Version 12.00
# Visual Studio Version 16
VisualStudioVersion = 16.0.29806.167
MinimumVisualStudioVersion = 10.0.40219.1
Project("{9A19103F-16F7-4668-BE54-9A1E7A4F7556}") = "CustomerManager.Infrastructure.Domain", "CustomerManager.Infrastructure.Domain\CustomerManager.Infrastructure.Domain.csproj", "{477017C0-E68A-4774-AF94-771A53CBB4EE}"
EndProject
Project("{FAE04EC0-301F-11D3-BF4B-00C04F79EFBC}") = "CustomerManager.Infrastructure.UI", "CustomerManager.Infrastructure.UI\CustomerManager.Infrastructure.UI.csproj", "{0FCE239C-03AB-4126-8E0F-9FA78FFDA7DE}"
EndProject
Project("{FAE04EC0-301F-11D3-BF4B-00C04F79EFBC}") = "CustomerManager.Infrastructure.Model", "CustomerManager.Infrastructure.Model\CustomerManager.Infrastructure.Model.csproj", "{31B1AB68-0429-44D3-A379-AA0D96A7BCC5}"
EndProject
Global
	GlobalSection(SolutionConfigurationPlatforms) = preSolution
		Debug|Any CPU = Debug|Any CPU
		Release|Any CPU = Release|Any CPU
	EndGlobalSection
	GlobalSection(ProjectConfigurationPlatforms) = postSolution
		{477017C0-E68A-4774-AF94-771A53CBB4EE}.Debug|Any CPU.ActiveCfg = Debug|Any CPU
		{477017C0-E68A-4774-AF94-771A53CBB4EE}.Debug|Any CPU.Build.0 = Debug|Any CPU
		{477017C0-E68A-4774-AF94-771A53CBB4EE}.Release|Any CPU.ActiveCfg = Release|Any CPU
		{477017C0-E68A-4774-AF94-771A53CBB4EE}.Release|Any CPU.Build.0 = Release|Any CPU
		{0FCE239C-03AB-4126-8E0F-9FA78FFDA7DE}.Debug|Any CPU.ActiveCfg = Debug|Any CPU
		{0FCE239C-03AB-4126-8E0F-9FA78FFDA7DE}.Debug|Any CPU.Build.0 = Debug|Any CPU
		{0FCE239C-03AB-4126-8E0F-9FA78FFDA7DE}.Release|Any CPU.ActiveCfg = Release|Any CPU
		{0FCE239C-03AB-4126-8E0F-9FA78FFDA7DE}.Release|Any CPU.Build.0 = Release|Any CPU
		{31B1AB68-0429-44D3-A379-AA0D96A7BCC5}.Debug|Any CPU.ActiveCfg = Debug|Any CPU
		{31B1AB68-0429-44D3-A379-AA0D96A7BCC5}.Debug|Any CPU.Build.0 = Debug|Any CPU
		{31B1AB68-0429-44D3-A379-AA0D96A7BCC5}.Release|Any CPU.ActiveCfg = Release|Any CPU
		{31B1AB68-0429-44D3-A379-AA0D96A7BCC5}.Release|Any CPU.Build.0 = Release|Any CPU
	EndGlobalSection
	GlobalSection(SolutionProperties) = preSolution
		HideSolutionNode = FALSE
	EndGlobalSection
	GlobalSection(ExtensibilityGlobals) = postSolution
		SolutionGuid = {5A28B6C0-D927-46A0-BE5D-41872019C4F7}
	EndGlobalSection
EndGlobal
